// !$*UTF8*$!
{
	archiveVersion = 1;
	classes = {
	};
	objectVersion = 56;
	objects = {

/* Begin PBXBuildFile section */
		2B57300D57EF2776D4EA31B7 /* libPods-MoxoDemo.a in Frameworks */ = {isa = PBXBuildFile; fileRef = 299B9D0F19DE8B66E89C5511 /* libPods-MoxoDemo.a */; };
		A84070622B4FDB14001E1E10 /* ReplayKit.framework in Frameworks */ = {isa = PBXBuildFile; fileRef = A84070612B4FDB14001E1E10 /* ReplayKit.framework */; };
		A84070652B4FDB14001E1E10 /* SampleHandler.swift in Sources */ = {isa = PBXBuildFile; fileRef = A84070642B4FDB14001E1E10 /* SampleHandler.swift */; };
		A84070692B4FDB14001E1E10 /* Broadcast.appex in Embed Foundation Extensions */ = {isa = PBXBuildFile; fileRef = A84070602B4FDB14001E1E10 /* Broadcast.appex */; settings = {ATTRIBUTES = (RemoveHeadersOnCopy, ); }; };
		A84070702B4FDB77001E1E10 /* BroadcastManager.swift in Sources */ = {isa = PBXBuildFile; fileRef = A840706F2B4FDB77001E1E10 /* BroadcastManager.swift */; };
		A870110529FA37110024BFD2 /* AppDelegate.swift in Sources */ = {isa = PBXBuildFile; fileRef = A870110429FA37110024BFD2 /* AppDelegate.swift */; };
		A870110729FA37110024BFD2 /* SceneDelegate.swift in Sources */ = {isa = PBXBuildFile; fileRef = A870110629FA37110024BFD2 /* SceneDelegate.swift */; };
		A870110929FA37110024BFD2 /* ViewController.swift in Sources */ = {isa = PBXBuildFile; fileRef = A870110829FA37110024BFD2 /* ViewController.swift */; };
		A870110C29FA37110024BFD2 /* Main.storyboard in Resources */ = {isa = PBXBuildFile; fileRef = A870110A29FA37110024BFD2 /* Main.storyboard */; };
		A870110E29FA37120024BFD2 /* Assets.xcassets in Resources */ = {isa = PBXBuildFile; fileRef = A870110D29FA37120024BFD2 /* Assets.xcassets */; };
		A870111129FA37120024BFD2 /* LaunchScreen.storyboard in Resources */ = {isa = PBXBuildFile; fileRef = A870110F29FA37120024BFD2 /* LaunchScreen.storyboard */; };
		A87012552A04A7920024BFD2 /* TimelineViewController.swift in Sources */ = {isa = PBXBuildFile; fileRef = A87012542A04A7920024BFD2 /* TimelineViewController.swift */; };
		A8AB89AF2A04C1CE00EFA150 /* DashboardViewController.swift in Sources */ = {isa = PBXBuildFile; fileRef = A8AB89AE2A04C1CE00EFA150 /* DashboardViewController.swift */; };
/* End PBXBuildFile section */

/* Begin PBXContainerItemProxy section */
		A84070672B4FDB14001E1E10 /* PBXContainerItemProxy */ = {
			isa = PBXContainerItemProxy;
			containerPortal = A87010F929FA37110024BFD2 /* Project object */;
			proxyType = 1;
			remoteGlobalIDString = A840705F2B4FDB14001E1E10;
			remoteInfo = Broadcast;
		};
/* End PBXContainerItemProxy section */

/* Begin PBXCopyFilesBuildPhase section */
		A840706A2B4FDB14001E1E10 /* Embed Foundation Extensions */ = {
			isa = PBXCopyFilesBuildPhase;
			buildActionMask = 2147483647;
			dstPath = "";
			dstSubfolderSpec = 13;
			files = (
				A84070692B4FDB14001E1E10 /* Broadcast.appex in Embed Foundation Extensions */,
			);
			name = "Embed Foundation Extensions";
			runOnlyForDeploymentPostprocessing = 0;
		};
/* End PBXCopyFilesBuildPhase section */

/* Begin PBXFileReference section */
		299B9D0F19DE8B66E89C5511 /* libPods-MoxoDemo.a */ = {isa = PBXFileReference; explicitFileType = archive.ar; includeInIndex = 0; path = "libPods-MoxoDemo.a"; sourceTree = BUILT_PRODUCTS_DIR; };
		A84070602B4FDB14001E1E10 /* Broadcast.appex */ = {isa = PBXFileReference; explicitFileType = "wrapper.app-extension"; includeInIndex = 0; path = Broadcast.appex; sourceTree = BUILT_PRODUCTS_DIR; };
		A84070612B4FDB14001E1E10 /* ReplayKit.framework */ = {isa = PBXFileReference; lastKnownFileType = wrapper.framework; name = ReplayKit.framework; path = System/Library/Frameworks/ReplayKit.framework; sourceTree = SDKROOT; };
		A84070642B4FDB14001E1E10 /* SampleHandler.swift */ = {isa = PBXFileReference; lastKnownFileType = sourcecode.swift; path = SampleHandler.swift; sourceTree = "<group>"; };
		A84070662B4FDB14001E1E10 /* Info.plist */ = {isa = PBXFileReference; lastKnownFileType = text.plist.xml; path = Info.plist; sourceTree = "<group>"; };
		A840706F2B4FDB77001E1E10 /* BroadcastManager.swift */ = {isa = PBXFileReference; lastKnownFileType = sourcecode.swift; path = BroadcastManager.swift; sourceTree = "<group>"; };
		A84070712B4FE6B1001E1E10 /* MoxoDemo.entitlements */ = {isa = PBXFileReference; lastKnownFileType = text.plist.entitlements; path = MoxoDemo.entitlements; sourceTree = "<group>"; };
		A84070862B4FE775001E1E10 /* Broadcast.entitlements */ = {isa = PBXFileReference; lastKnownFileType = text.plist.entitlements; path = Broadcast.entitlements; sourceTree = "<group>"; };
		A870110129FA37110024BFD2 /* MoxoDemo.app */ = {isa = PBXFileReference; explicitFileType = wrapper.application; includeInIndex = 0; path = MoxoDemo.app; sourceTree = BUILT_PRODUCTS_DIR; };
		A870110429FA37110024BFD2 /* AppDelegate.swift */ = {isa = PBXFileReference; lastKnownFileType = sourcecode.swift; path = AppDelegate.swift; sourceTree = "<group>"; };
		A870110629FA37110024BFD2 /* SceneDelegate.swift */ = {isa = PBXFileReference; lastKnownFileType = sourcecode.swift; path = SceneDelegate.swift; sourceTree = "<group>"; };
		A870110829FA37110024BFD2 /* ViewController.swift */ = {isa = PBXFileReference; lastKnownFileType = sourcecode.swift; path = ViewController.swift; sourceTree = "<group>"; };
		A870110B29FA37110024BFD2 /* Base */ = {isa = PBXFileReference; lastKnownFileType = file.storyboard; name = Base; path = Base.lproj/Main.storyboard; sourceTree = "<group>"; };
		A870110D29FA37120024BFD2 /* Assets.xcassets */ = {isa = PBXFileReference; lastKnownFileType = folder.assetcatalog; path = Assets.xcassets; sourceTree = "<group>"; };
		A870111029FA37120024BFD2 /* Base */ = {isa = PBXFileReference; lastKnownFileType = file.storyboard; name = Base; path = Base.lproj/LaunchScreen.storyboard; sourceTree = "<group>"; };
		A870111229FA37120024BFD2 /* Info.plist */ = {isa = PBXFileReference; lastKnownFileType = text.plist.xml; path = Info.plist; sourceTree = "<group>"; };
		A870111829FA38970024BFD2 /* MoxoDemoBridging-Header.h */ = {isa = PBXFileReference; lastKnownFileType = sourcecode.c.h; path = "MoxoDemoBridging-Header.h"; sourceTree = "<group>"; };
		A87012542A04A7920024BFD2 /* TimelineViewController.swift */ = {isa = PBXFileReference; lastKnownFileType = sourcecode.swift; path = TimelineViewController.swift; sourceTree = "<group>"; };
		A8AB89AE2A04C1CE00EFA150 /* DashboardViewController.swift */ = {isa = PBXFileReference; lastKnownFileType = sourcecode.swift; path = DashboardViewController.swift; sourceTree = "<group>"; };
		F582767007901CFF5A9C5E66 /* Pods-MoxoDemo.release.xcconfig */ = {isa = PBXFileReference; includeInIndex = 1; lastKnownFileType = text.xcconfig; name = "Pods-MoxoDemo.release.xcconfig"; path = "Target Support Files/Pods-MoxoDemo/Pods-MoxoDemo.release.xcconfig"; sourceTree = "<group>"; };
		FECC590205DE044353BC87FC /* Pods-MoxoDemo.debug.xcconfig */ = {isa = PBXFileReference; includeInIndex = 1; lastKnownFileType = text.xcconfig; name = "Pods-MoxoDemo.debug.xcconfig"; path = "Target Support Files/Pods-MoxoDemo/Pods-MoxoDemo.debug.xcconfig"; sourceTree = "<group>"; };
/* End PBXFileReference section */

/* Begin PBXFrameworksBuildPhase section */
		A840705D2B4FDB14001E1E10 /* Frameworks */ = {
			isa = PBXFrameworksBuildPhase;
			buildActionMask = 2147483647;
			files = (
				A84070622B4FDB14001E1E10 /* ReplayKit.framework in Frameworks */,
			);
			runOnlyForDeploymentPostprocessing = 0;
		};
		A87010FE29FA37110024BFD2 /* Frameworks */ = {
			isa = PBXFrameworksBuildPhase;
			buildActionMask = 2147483647;
			files = (
				2B57300D57EF2776D4EA31B7 /* libPods-MoxoDemo.a in Frameworks */,
			);
			runOnlyForDeploymentPostprocessing = 0;
		};
/* End PBXFrameworksBuildPhase section */

/* Begin PBXGroup section */
		6C21F65BAC5A5D67834D8B69 /* Frameworks */ = {
			isa = PBXGroup;
			children = (
				299B9D0F19DE8B66E89C5511 /* libPods-MoxoDemo.a */,
				A84070612B4FDB14001E1E10 /* ReplayKit.framework */,
			);
			name = Frameworks;
			sourceTree = "<group>";
		};
		A84070632B4FDB14001E1E10 /* Broadcast */ = {
			isa = PBXGroup;
			children = (
				A84070862B4FE775001E1E10 /* Broadcast.entitlements */,
				A84070642B4FDB14001E1E10 /* SampleHandler.swift */,
				A84070662B4FDB14001E1E10 /* Info.plist */,
			);
			path = Broadcast;
			sourceTree = "<group>";
		};
		A840706E2B4FDB63001E1E10 /* Broadcast */ = {
			isa = PBXGroup;
			children = (
				A840706F2B4FDB77001E1E10 /* BroadcastManager.swift */,
			);
			path = Broadcast;
			sourceTree = "<group>";
		};
		A87010F829FA37110024BFD2 = {
			isa = PBXGroup;
			children = (
				A870111829FA38970024BFD2 /* MoxoDemoBridging-Header.h */,
				A870110329FA37110024BFD2 /* MoxoDemo */,
				A84070632B4FDB14001E1E10 /* Broadcast */,
				A870110229FA37110024BFD2 /* Products */,
				F18607E7A6247C156AD9B53E /* Pods */,
				6C21F65BAC5A5D67834D8B69 /* Frameworks */,
			);
			sourceTree = "<group>";
		};
		A870110229FA37110024BFD2 /* Products */ = {
			isa = PBXGroup;
			children = (
				A870110129FA37110024BFD2 /* MoxoDemo.app */,
				A84070602B4FDB14001E1E10 /* Broadcast.appex */,
			);
			name = Products;
			sourceTree = "<group>";
		};
		A870110329FA37110024BFD2 /* MoxoDemo */ = {
			isa = PBXGroup;
			children = (
				A84070712B4FE6B1001E1E10 /* MoxoDemo.entitlements */,
				A840706E2B4FDB63001E1E10 /* Broadcast */,
				A870110429FA37110024BFD2 /* AppDelegate.swift */,
				A870110629FA37110024BFD2 /* SceneDelegate.swift */,
				A870110829FA37110024BFD2 /* ViewController.swift */,
				A8AB89AE2A04C1CE00EFA150 /* DashboardViewController.swift */,
				A87012542A04A7920024BFD2 /* TimelineViewController.swift */,
				A870110A29FA37110024BFD2 /* Main.storyboard */,
				A870110D29FA37120024BFD2 /* Assets.xcassets */,
				A870110F29FA37120024BFD2 /* LaunchScreen.storyboard */,
				A870111229FA37120024BFD2 /* Info.plist */,
			);
			path = MoxoDemo;
			sourceTree = "<group>";
		};
		F18607E7A6247C156AD9B53E /* Pods */ = {
			isa = PBXGroup;
			children = (
				FECC590205DE044353BC87FC /* Pods-MoxoDemo.debug.xcconfig */,
				F582767007901CFF5A9C5E66 /* Pods-MoxoDemo.release.xcconfig */,
			);
			path = Pods;
			sourceTree = "<group>";
		};
/* End PBXGroup section */

/* Begin PBXNativeTarget section */
		A840705F2B4FDB14001E1E10 /* Broadcast */ = {
			isa = PBXNativeTarget;
			buildConfigurationList = A840706D2B4FDB14001E1E10 /* Build configuration list for PBXNativeTarget "Broadcast" */;
			buildPhases = (
				A840705C2B4FDB14001E1E10 /* Sources */,
				A840705D2B4FDB14001E1E10 /* Frameworks */,
				A840705E2B4FDB14001E1E10 /* Resources */,
			);
			buildRules = (
			);
			dependencies = (
			);
			name = Broadcast;
			productName = Broadcast;
			productReference = A84070602B4FDB14001E1E10 /* Broadcast.appex */;
			productType = "com.apple.product-type.app-extension";
		};
		A870110029FA37110024BFD2 /* MoxoDemo */ = {
			isa = PBXNativeTarget;
			buildConfigurationList = A870111529FA37120024BFD2 /* Build configuration list for PBXNativeTarget "MoxoDemo" */;
			buildPhases = (
				544E4D9FBE1BE1D7915D959F /* [CP] Check Pods Manifest.lock */,
				A87010FD29FA37110024BFD2 /* Sources */,
				A87010FE29FA37110024BFD2 /* Frameworks */,
				A87010FF29FA37110024BFD2 /* Resources */,
				326977063A0BDEDC594C7845 /* [CP] Copy Pods Resources */,
				A840706A2B4FDB14001E1E10 /* Embed Foundation Extensions */,
			);
			buildRules = (
			);
			dependencies = (
				A84070682B4FDB14001E1E10 /* PBXTargetDependency */,
			);
			name = MoxoDemo;
			productName = MoxoDemo;
			productReference = A870110129FA37110024BFD2 /* MoxoDemo.app */;
			productType = "com.apple.product-type.application";
		};
/* End PBXNativeTarget section */

/* Begin PBXProject section */
		A87010F929FA37110024BFD2 /* Project object */ = {
			isa = PBXProject;
			attributes = {
				BuildIndependentTargetsInParallel = 1;
				LastSwiftUpdateCheck = 1510;
				LastUpgradeCheck = 1430;
				TargetAttributes = {
					A840705F2B4FDB14001E1E10 = {
						CreatedOnToolsVersion = 15.1;
					};
					A870110029FA37110024BFD2 = {
						CreatedOnToolsVersion = 14.3;
					};
				};
			};
			buildConfigurationList = A87010FC29FA37110024BFD2 /* Build configuration list for PBXProject "MoxoDemo" */;
			compatibilityVersion = "Xcode 14.0";
			developmentRegion = en;
			hasScannedForEncodings = 0;
			knownRegions = (
				en,
				Base,
			);
			mainGroup = A87010F829FA37110024BFD2;
			productRefGroup = A870110229FA37110024BFD2 /* Products */;
			projectDirPath = "";
			projectRoot = "";
			targets = (
				A870110029FA37110024BFD2 /* MoxoDemo */,
				A840705F2B4FDB14001E1E10 /* Broadcast */,
			);
		};
/* End PBXProject section */

/* Begin PBXResourcesBuildPhase section */
		A840705E2B4FDB14001E1E10 /* Resources */ = {
			isa = PBXResourcesBuildPhase;
			buildActionMask = 2147483647;
			files = (
			);
			runOnlyForDeploymentPostprocessing = 0;
		};
		A87010FF29FA37110024BFD2 /* Resources */ = {
			isa = PBXResourcesBuildPhase;
			buildActionMask = 2147483647;
			files = (
				A870111129FA37120024BFD2 /* LaunchScreen.storyboard in Resources */,
				A870110E29FA37120024BFD2 /* Assets.xcassets in Resources */,
				A870110C29FA37110024BFD2 /* Main.storyboard in Resources */,
			);
			runOnlyForDeploymentPostprocessing = 0;
		};
/* End PBXResourcesBuildPhase section */

/* Begin PBXShellScriptBuildPhase section */
		326977063A0BDEDC594C7845 /* [CP] Copy Pods Resources */ = {
			isa = PBXShellScriptBuildPhase;
			buildActionMask = 2147483647;
			files = (
			);
			inputFileListPaths = (
				"${PODS_ROOT}/Target Support Files/Pods-MoxoDemo/Pods-MoxoDemo-resources-${CONFIGURATION}-input-files.xcfilelist",
			);
			name = "[CP] Copy Pods Resources";
			outputFileListPaths = (
				"${PODS_ROOT}/Target Support Files/Pods-MoxoDemo/Pods-MoxoDemo-resources-${CONFIGURATION}-output-files.xcfilelist",
			);
			runOnlyForDeploymentPostprocessing = 0;
			shellPath = /bin/sh;
			shellScript = "\"${PODS_ROOT}/Target Support Files/Pods-MoxoDemo/Pods-MoxoDemo-resources.sh\"\n";
			showEnvVarsInLog = 0;
		};
		544E4D9FBE1BE1D7915D959F /* [CP] Check Pods Manifest.lock */ = {
			isa = PBXShellScriptBuildPhase;
			buildActionMask = 2147483647;
			files = (
			);
			inputFileListPaths = (
			);
			inputPaths = (
				"${PODS_PODFILE_DIR_PATH}/Podfile.lock",
				"${PODS_ROOT}/Manifest.lock",
			);
			name = "[CP] Check Pods Manifest.lock";
			outputFileListPaths = (
			);
			outputPaths = (
				"$(DERIVED_FILE_DIR)/Pods-MoxoDemo-checkManifestLockResult.txt",
			);
			runOnlyForDeploymentPostprocessing = 0;
			shellPath = /bin/sh;
			shellScript = "diff \"${PODS_PODFILE_DIR_PATH}/Podfile.lock\" \"${PODS_ROOT}/Manifest.lock\" > /dev/null\nif [ $? != 0 ] ; then\n    # print error to STDERR\n    echo \"error: The sandbox is not in sync with the Podfile.lock. Run 'pod install' or update your CocoaPods installation.\" >&2\n    exit 1\nfi\n# This output is used by Xcode 'outputs' to avoid re-running this script phase.\necho \"SUCCESS\" > \"${SCRIPT_OUTPUT_FILE_0}\"\n";
			showEnvVarsInLog = 0;
		};
/* End PBXShellScriptBuildPhase section */

/* Begin PBXSourcesBuildPhase section */
		A840705C2B4FDB14001E1E10 /* Sources */ = {
			isa = PBXSourcesBuildPhase;
			buildActionMask = 2147483647;
			files = (
				A84070652B4FDB14001E1E10 /* SampleHandler.swift in Sources */,
			);
			runOnlyForDeploymentPostprocessing = 0;
		};
		A87010FD29FA37110024BFD2 /* Sources */ = {
			isa = PBXSourcesBuildPhase;
			buildActionMask = 2147483647;
			files = (
				A870110929FA37110024BFD2 /* ViewController.swift in Sources */,
				A870110529FA37110024BFD2 /* AppDelegate.swift in Sources */,
				A8AB89AF2A04C1CE00EFA150 /* DashboardViewController.swift in Sources */,
				A84070702B4FDB77001E1E10 /* BroadcastManager.swift in Sources */,
				A87012552A04A7920024BFD2 /* TimelineViewController.swift in Sources */,
				A870110729FA37110024BFD2 /* SceneDelegate.swift in Sources */,
			);
			runOnlyForDeploymentPostprocessing = 0;
		};
/* End PBXSourcesBuildPhase section */

/* Begin PBXTargetDependency section */
		A84070682B4FDB14001E1E10 /* PBXTargetDependency */ = {
			isa = PBXTargetDependency;
			target = A840705F2B4FDB14001E1E10 /* Broadcast */;
			targetProxy = A84070672B4FDB14001E1E10 /* PBXContainerItemProxy */;
		};
/* End PBXTargetDependency section */

/* Begin PBXVariantGroup section */
		A870110A29FA37110024BFD2 /* Main.storyboard */ = {
			isa = PBXVariantGroup;
			children = (
				A870110B29FA37110024BFD2 /* Base */,
			);
			name = Main.storyboard;
			sourceTree = "<group>";
		};
		A870110F29FA37120024BFD2 /* LaunchScreen.storyboard */ = {
			isa = PBXVariantGroup;
			children = (
				A870111029FA37120024BFD2 /* Base */,
			);
			name = LaunchScreen.storyboard;
			sourceTree = "<group>";
		};
/* End PBXVariantGroup section */

/* Begin XCBuildConfiguration section */
		A840706B2B4FDB14001E1E10 /* Debug */ = {
			isa = XCBuildConfiguration;
			buildSettings = {
				ASSETCATALOG_COMPILER_GENERATE_SWIFT_ASSET_SYMBOL_EXTENSIONS = YES;
				CODE_SIGN_ENTITLEMENTS = Broadcast/BroadcastDebug.entitlements;
				CODE_SIGN_STYLE = Automatic;
				CURRENT_PROJECT_VERSION = 1;
				DEVELOPMENT_TEAM = "";
				ENABLE_USER_SCRIPT_SANDBOXING = YES;
				GCC_C_LANGUAGE_STANDARD = gnu17;
				GENERATE_INFOPLIST_FILE = YES;
				INFOPLIST_FILE = Broadcast/Info.plist;
				INFOPLIST_KEY_CFBundleDisplayName = Broadcast;
				INFOPLIST_KEY_NSHumanReadableCopyright = "";
				IPHONEOS_DEPLOYMENT_TARGET = 16.4;
				LD_RUNPATH_SEARCH_PATHS = (
					"$(inherited)",
					"@executable_path/Frameworks",
					"@executable_path/../../Frameworks",
				);
				LOCALIZATION_PREFERS_STRING_CATALOGS = YES;
				MARKETING_VERSION = 1.0;
				PRODUCT_BUNDLE_IDENTIFIER = com.demo.MoxoDemo.DSBroadcast;
				PRODUCT_NAME = "$(TARGET_NAME)";
				SKIP_INSTALL = YES;
				SWIFT_ACTIVE_COMPILATION_CONDITIONS = "DEBUG $(inherited)";
				SWIFT_EMIT_LOC_STRINGS = YES;
				SWIFT_VERSION = 5.0;
				TARGETED_DEVICE_FAMILY = "1,2";
			};
			name = Debug;
		};
		A840706C2B4FDB14001E1E10 /* Release */ = {
			isa = XCBuildConfiguration;
			buildSettings = {
				ASSETCATALOG_COMPILER_GENERATE_SWIFT_ASSET_SYMBOL_EXTENSIONS = YES;
				CODE_SIGN_ENTITLEMENTS = Broadcast/Broadcast.entitlements;
				CODE_SIGN_STYLE = Automatic;
				CURRENT_PROJECT_VERSION = 1;
				DEVELOPMENT_TEAM = "";
				ENABLE_USER_SCRIPT_SANDBOXING = YES;
				GCC_C_LANGUAGE_STANDARD = gnu17;
				GENERATE_INFOPLIST_FILE = YES;
				INFOPLIST_FILE = Broadcast/Info.plist;
				INFOPLIST_KEY_CFBundleDisplayName = Broadcast;
				INFOPLIST_KEY_NSHumanReadableCopyright = "";
				IPHONEOS_DEPLOYMENT_TARGET = 16.4;
				LD_RUNPATH_SEARCH_PATHS = (
					"$(inherited)",
					"@executable_path/Frameworks",
					"@executable_path/../../Frameworks",
				);
				LOCALIZATION_PREFERS_STRING_CATALOGS = YES;
				MARKETING_VERSION = 1.0;
				PRODUCT_BUNDLE_IDENTIFIER = com.demo.MoxoDemo.DSBroadcast;
				PRODUCT_NAME = "$(TARGET_NAME)";
				SKIP_INSTALL = YES;
				SWIFT_EMIT_LOC_STRINGS = YES;
				SWIFT_VERSION = 5.0;
				TARGETED_DEVICE_FAMILY = "1,2";
			};
			name = Release;
		};
		A870111329FA37120024BFD2 /* Debug */ = {
			isa = XCBuildConfiguration;
			buildSettings = {
				ALWAYS_SEARCH_USER_PATHS = NO;
				CLANG_ANALYZER_NONNULL = YES;
				CLANG_ANALYZER_NUMBER_OBJECT_CONVERSION = YES_AGGRESSIVE;
				CLANG_CXX_LANGUAGE_STANDARD = "gnu++20";
				CLANG_ENABLE_MODULES = YES;
				CLANG_ENABLE_OBJC_ARC = YES;
				CLANG_ENABLE_OBJC_WEAK = YES;
				CLANG_WARN_BLOCK_CAPTURE_AUTORELEASING = YES;
				CLANG_WARN_BOOL_CONVERSION = YES;
				CLANG_WARN_COMMA = YES;
				CLANG_WARN_CONSTANT_CONVERSION = YES;
				CLANG_WARN_DEPRECATED_OBJC_IMPLEMENTATIONS = YES;
				CLANG_WARN_DIRECT_OBJC_ISA_USAGE = YES_ERROR;
				CLANG_WARN_DOCUMENTATION_COMMENTS = YES;
				CLANG_WARN_EMPTY_BODY = YES;
				CLANG_WARN_ENUM_CONVERSION = YES;
				CLANG_WARN_INFINITE_RECURSION = YES;
				CLANG_WARN_INT_CONVERSION = YES;
				CLANG_WARN_NON_LITERAL_NULL_CONVERSION = YES;
				CLANG_WARN_OBJC_IMPLICIT_RETAIN_SELF = YES;
				CLANG_WARN_OBJC_LITERAL_CONVERSION = YES;
				CLANG_WARN_OBJC_ROOT_CLASS = YES_ERROR;
				CLANG_WARN_QUOTED_INCLUDE_IN_FRAMEWORK_HEADER = YES;
				CLANG_WARN_RANGE_LOOP_ANALYSIS = YES;
				CLANG_WARN_STRICT_PROTOTYPES = YES;
				CLANG_WARN_SUSPICIOUS_MOVE = YES;
				CLANG_WARN_UNGUARDED_AVAILABILITY = YES_AGGRESSIVE;
				CLANG_WARN_UNREACHABLE_CODE = YES;
				CLANG_WARN__DUPLICATE_METHOD_MATCH = YES;
				COPY_PHASE_STRIP = NO;
				DEBUG_INFORMATION_FORMAT = dwarf;
				ENABLE_STRICT_OBJC_MSGSEND = YES;
				ENABLE_TESTABILITY = YES;
				GCC_C_LANGUAGE_STANDARD = gnu11;
				GCC_DYNAMIC_NO_PIC = NO;
				GCC_NO_COMMON_BLOCKS = YES;
				GCC_OPTIMIZATION_LEVEL = 0;
				GCC_PREPROCESSOR_DEFINITIONS = (
					"DEBUG=1",
					"$(inherited)",
				);
				GCC_WARN_64_TO_32_BIT_CONVERSION = YES;
				GCC_WARN_ABOUT_RETURN_TYPE = YES_ERROR;
				GCC_WARN_UNDECLARED_SELECTOR = YES;
				GCC_WARN_UNINITIALIZED_AUTOS = YES_AGGRESSIVE;
				GCC_WARN_UNUSED_FUNCTION = YES;
				GCC_WARN_UNUSED_VARIABLE = YES;
				IPHONEOS_DEPLOYMENT_TARGET = 16.4;
				MTL_ENABLE_DEBUG_INFO = INCLUDE_SOURCE;
				MTL_FAST_MATH = YES;
				ONLY_ACTIVE_ARCH = YES;
				SDKROOT = iphoneos;
				SWIFT_ACTIVE_COMPILATION_CONDITIONS = DEBUG;
				SWIFT_OPTIMIZATION_LEVEL = "-Onone";
			};
			name = Debug;
		};
		A870111429FA37120024BFD2 /* Release */ = {
			isa = XCBuildConfiguration;
			buildSettings = {
				ALWAYS_SEARCH_USER_PATHS = NO;
				CLANG_ANALYZER_NONNULL = YES;
				CLANG_ANALYZER_NUMBER_OBJECT_CONVERSION = YES_AGGRESSIVE;
				CLANG_CXX_LANGUAGE_STANDARD = "gnu++20";
				CLANG_ENABLE_MODULES = YES;
				CLANG_ENABLE_OBJC_ARC = YES;
				CLANG_ENABLE_OBJC_WEAK = YES;
				CLANG_WARN_BLOCK_CAPTURE_AUTORELEASING = YES;
				CLANG_WARN_BOOL_CONVERSION = YES;
				CLANG_WARN_COMMA = YES;
				CLANG_WARN_CONSTANT_CONVERSION = YES;
				CLANG_WARN_DEPRECATED_OBJC_IMPLEMENTATIONS = YES;
				CLANG_WARN_DIRECT_OBJC_ISA_USAGE = YES_ERROR;
				CLANG_WARN_DOCUMENTATION_COMMENTS = YES;
				CLANG_WARN_EMPTY_BODY = YES;
				CLANG_WARN_ENUM_CONVERSION = YES;
				CLANG_WARN_INFINITE_RECURSION = YES;
				CLANG_WARN_INT_CONVERSION = YES;
				CLANG_WARN_NON_LITERAL_NULL_CONVERSION = YES;
				CLANG_WARN_OBJC_IMPLICIT_RETAIN_SELF = YES;
				CLANG_WARN_OBJC_LITERAL_CONVERSION = YES;
				CLANG_WARN_OBJC_ROOT_CLASS = YES_ERROR;
				CLANG_WARN_QUOTED_INCLUDE_IN_FRAMEWORK_HEADER = YES;
				CLANG_WARN_RANGE_LOOP_ANALYSIS = YES;
				CLANG_WARN_STRICT_PROTOTYPES = YES;
				CLANG_WARN_SUSPICIOUS_MOVE = YES;
				CLANG_WARN_UNGUARDED_AVAILABILITY = YES_AGGRESSIVE;
				CLANG_WARN_UNREACHABLE_CODE = YES;
				CLANG_WARN__DUPLICATE_METHOD_MATCH = YES;
				COPY_PHASE_STRIP = NO;
				DEBUG_INFORMATION_FORMAT = "dwarf-with-dsym";
				ENABLE_NS_ASSERTIONS = NO;
				ENABLE_STRICT_OBJC_MSGSEND = YES;
				GCC_C_LANGUAGE_STANDARD = gnu11;
				GCC_NO_COMMON_BLOCKS = YES;
				GCC_WARN_64_TO_32_BIT_CONVERSION = YES;
				GCC_WARN_ABOUT_RETURN_TYPE = YES_ERROR;
				GCC_WARN_UNDECLARED_SELECTOR = YES;
				GCC_WARN_UNINITIALIZED_AUTOS = YES_AGGRESSIVE;
				GCC_WARN_UNUSED_FUNCTION = YES;
				GCC_WARN_UNUSED_VARIABLE = YES;
				IPHONEOS_DEPLOYMENT_TARGET = 16.4;
				MTL_ENABLE_DEBUG_INFO = NO;
				MTL_FAST_MATH = YES;
				SDKROOT = iphoneos;
				SWIFT_COMPILATION_MODE = wholemodule;
				SWIFT_OPTIMIZATION_LEVEL = "-O";
				VALIDATE_PRODUCT = YES;
			};
			name = Release;
		};
		A870111629FA37120024BFD2 /* Debug */ = {
			isa = XCBuildConfiguration;
			baseConfigurationReference = FECC590205DE044353BC87FC /* Pods-MoxoDemo.debug.xcconfig */;
			buildSettings = {
				ALWAYS_EMBED_SWIFT_STANDARD_LIBRARIES = YES;
				ASSETCATALOG_COMPILER_APPICON_NAME = AppIcon;
				ASSETCATALOG_COMPILER_GLOBAL_ACCENT_COLOR_NAME = AccentColor;
				CODE_SIGN_ENTITLEMENTS = MoxoDemo/MoxoDemoDebug.entitlements;
				CODE_SIGN_STYLE = Automatic;
				CURRENT_PROJECT_VERSION = 1;
				DEVELOPMENT_TEAM = "";
				GENERATE_INFOPLIST_FILE = YES;
				INFOPLIST_FILE = MoxoDemo/Info.plist;
				INFOPLIST_KEY_NSMicrophoneUsageDescription = "";
				INFOPLIST_KEY_UIApplicationSupportsIndirectInputEvents = YES;
				INFOPLIST_KEY_UILaunchStoryboardName = LaunchScreen;
				INFOPLIST_KEY_UIMainStoryboardFile = Main;
				INFOPLIST_KEY_UISupportedInterfaceOrientations_iPad = "UIInterfaceOrientationPortrait UIInterfaceOrientationPortraitUpsideDown UIInterfaceOrientationLandscapeLeft UIInterfaceOrientationLandscapeRight";
				INFOPLIST_KEY_UISupportedInterfaceOrientations_iPhone = "UIInterfaceOrientationPortrait UIInterfaceOrientationLandscapeLeft UIInterfaceOrientationLandscapeRight";
				LD_RUNPATH_SEARCH_PATHS = (
					"$(inherited)",
					"@executable_path/Frameworks",
				);
				MARKETING_VERSION = 1.0;
				PRODUCT_BUNDLE_IDENTIFIER = com.demo.MoxoDemo;
				PRODUCT_NAME = "$(TARGET_NAME)";
				SWIFT_EMIT_LOC_STRINGS = YES;
				SWIFT_OBJC_BRIDGING_HEADER = "MoxoDemoBridging-Header.h";
				SWIFT_VERSION = 5.0;
				TARGETED_DEVICE_FAMILY = "1,2";
			};
			name = Debug;
		};
		A870111729FA37120024BFD2 /* Release */ = {
			isa = XCBuildConfiguration;
			baseConfigurationReference = F582767007901CFF5A9C5E66 /* Pods-MoxoDemo.release.xcconfig */;
			buildSettings = {
				ALWAYS_EMBED_SWIFT_STANDARD_LIBRARIES = YES;
				ASSETCATALOG_COMPILER_APPICON_NAME = AppIcon;
				ASSETCATALOG_COMPILER_GLOBAL_ACCENT_COLOR_NAME = AccentColor;
				CODE_SIGN_ENTITLEMENTS = MoxoDemo/MoxoDemo.entitlements;
				CODE_SIGN_STYLE = Automatic;
				CURRENT_PROJECT_VERSION = 1;
				DEVELOPMENT_TEAM = "";
				GENERATE_INFOPLIST_FILE = YES;
				INFOPLIST_FILE = MoxoDemo/Info.plist;
				INFOPLIST_KEY_NSMicrophoneUsageDescription = "";
				INFOPLIST_KEY_UIApplicationSupportsIndirectInputEvents = YES;
				INFOPLIST_KEY_UILaunchStoryboardName = LaunchScreen;
				INFOPLIST_KEY_UIMainStoryboardFile = Main;
				INFOPLIST_KEY_UISupportedInterfaceOrientations_iPad = "UIInterfaceOrientationPortrait UIInterfaceOrientationPortraitUpsideDown UIInterfaceOrientationLandscapeLeft UIInterfaceOrientationLandscapeRight";
				INFOPLIST_KEY_UISupportedInterfaceOrientations_iPhone = "UIInterfaceOrientationPortrait UIInterfaceOrientationLandscapeLeft UIInterfaceOrientationLandscapeRight";
				LD_RUNPATH_SEARCH_PATHS = (
					"$(inherited)",
					"@executable_path/Frameworks",
				);
				MARKETING_VERSION = 1.0;
				PRODUCT_BUNDLE_IDENTIFIER = com.demo.MoxoDemo;
				PRODUCT_NAME = "$(TARGET_NAME)";
				SWIFT_EMIT_LOC_STRINGS = YES;
				SWIFT_OBJC_BRIDGING_HEADER = "MoxoDemoBridging-Header.h";
				SWIFT_VERSION = 5.0;
				TARGETED_DEVICE_FAMILY = "1,2";
			};
			name = Release;
		};
/* End XCBuildConfiguration section */

/* Begin XCConfigurationList section */
		A840706D2B4FDB14001E1E10 /* Build configuration list for PBXNativeTarget "Broadcast" */ = {
			isa = XCConfigurationList;
			buildConfigurations = (
				A840706B2B4FDB14001E1E10 /* Debug */,
				A840706C2B4FDB14001E1E10 /* Release */,
			);
			defaultConfigurationIsVisible = 0;
			defaultConfigurationName = Release;
		};
		A87010FC29FA37110024BFD2 /* Build configuration list for PBXProject "MoxoDemo" */ = {
			isa = XCConfigurationList;
			buildConfigurations = (
				A870111329FA37120024BFD2 /* Debug */,
				A870111429FA37120024BFD2 /* Release */,
			);
			defaultConfigurationIsVisible = 0;
			defaultConfigurationName = Release;
		};
		A870111529FA37120024BFD2 /* Build configuration list for PBXNativeTarget "MoxoDemo" */ = {
			isa = XCConfigurationList;
			buildConfigurations = (
				A870111629FA37120024BFD2 /* Debug */,
				A870111729FA37120024BFD2 /* Release */,
			);
			defaultConfigurationIsVisible = 0;
			defaultConfigurationName = Release;
		};
/* End XCConfigurationList section */
	};
	rootObject = A87010F929FA37110024BFD2 /* Project object */;
}
